
Microsoft Visual Studio Solution File, Format Version 11.00
# Visual Studio 2010
Project("{8BC9CEB8-8B4A-11D0-8D11-00A0C91BC942}") = "TugasRancang", "TugasRancang\TugasRancang.vcxproj", "{45CD360C-F2A6-4D01-B3E1-C93F4CC3F023}"
EndProject
Global
	GlobalSection(SolutionConfigurationPlatforms) = preSolution
		Debug|Win32 = Debug|Win32
		Release|Win32 = Release|Win32
	EndGlobalSection
	GlobalSection(ProjectConfigurationPlatforms) = postSolution
		{45CD360C-F2A6-4D01-B3E1-C93F4CC3F023}.Debug|Win32.ActiveCfg = Debug|Win32
		{45CD360C-F2A6-4D01-B3E1-C93F4CC3F023}.Debug|Win32.Build.0 = Debug|Win32
		{45CD360C-F2A6-4D01-B3E1-C93F4CC3F023}.Release|Win32.ActiveCfg = Release|Win32
		{45CD360C-F2A6-4D01-B3E1-C93F4CC3F023}.Release|Win32.Build.0 = Release|Win32
	EndGlobalSection
	GlobalSection(SolutionProperties) = preSolution
		HideSolutionNode = FALSE
	EndGlobalSection
EndGlobal
